// !$*UTF8*$!
{
	archiveVersion = 1;
	classes = {
	};
	objectVersion = 46;
	objects = {

/* Begin PBXBuildFile section */
		812A37A0148C0DC900D9E98D /* Foundation.framework in Frameworks */ = {isa = PBXBuildFile; fileRef = 812A379F148C0DC900D9E98D /* Foundation.framework */; };
		812A37A6148C0DC900D9E98D /* renderer.m in Sources */ = {isa = PBXBuildFile; fileRef = 812A37A5148C0DC900D9E98D /* renderer.m */; };
		812A37AE148C0DC900D9E98D /* SenTestingKit.framework in Frameworks */ = {isa = PBXBuildFile; fileRef = 812A37AD148C0DC900D9E98D /* SenTestingKit.framework */; };
		812A37B0148C0DC900D9E98D /* UIKit.framework in Frameworks */ = {isa = PBXBuildFile; fileRef = 812A37AF148C0DC900D9E98D /* UIKit.framework */; };
		812A37B1148C0DC900D9E98D /* Foundation.framework in Frameworks */ = {isa = PBXBuildFile; fileRef = 812A379F148C0DC900D9E98D /* Foundation.framework */; };
		812A37B4148C0DC900D9E98D /* librenderer.a in Frameworks */ = {isa = PBXBuildFile; fileRef = 812A379C148C0DC900D9E98D /* librenderer.a */; };
		812A37BA148C0DC900D9E98D /* InfoPlist.strings in Resources */ = {isa = PBXBuildFile; fileRef = 812A37B8148C0DC900D9E98D /* InfoPlist.strings */; };
		812A37BD148C0DC900D9E98D /* rendererTests.m in Sources */ = {isa = PBXBuildFile; fileRef = 812A37BC148C0DC900D9E98D /* rendererTests.m */; };
/* End PBXBuildFile section */

/* Begin PBXContainerItemProxy section */
		812A37B2148C0DC900D9E98D /* PBXContainerItemProxy */ = {
			isa = PBXContainerItemProxy;
			containerPortal = 812A3793148C0DC800D9E98D /* Project object */;
			proxyType = 1;
			remoteGlobalIDString = 812A379B148C0DC900D9E98D;
			remoteInfo = renderer;
		};
/* End PBXContainerItemProxy section */

/* Begin PBXFileReference section */
		812A379C148C0DC900D9E98D /* librenderer.a */ = {isa = PBXFileReference; explicitFileType = archive.ar; includeInIndex = 0; path = librenderer.a; sourceTree = BUILT_PRODUCTS_DIR; };
		812A379F148C0DC900D9E98D /* Foundation.framework */ = {isa = PBXFileReference; lastKnownFileType = wrapper.framework; name = Foundation.framework; path = System/Library/Frameworks/Foundation.framework; sourceTree = SDKROOT; };
		812A37A3148C0DC900D9E98D /* renderer-Prefix.pch */ = {isa = PBXFileReference; path = "renderer-Prefix.pch"; sourceTree = "<group>"; };
		812A37A4148C0DC900D9E98D /* renderer.h */ = {isa = PBXFileReference; path = renderer.h; sourceTree = "<group>"; };
		812A37A5148C0DC900D9E98D /* renderer.m */ = {isa = PBXFileReference; lastKnownFileType = sourcecode.c.objc; path = renderer.m; sourceTree = "<group>"; };
		812A37AC148C0DC900D9E98D /* rendererTests.octest */ = {isa = PBXFileReference; explicitFileType = wrapper.cfbundle; includeInIndex = 0; path = rendererTests.octest; sourceTree = BUILT_PRODUCTS_DIR; };
		812A37AD148C0DC900D9E98D /* SenTestingKit.framework */ = {isa = PBXFileReference; lastKnownFileType = wrapper.framework; name = SenTestingKit.framework; path = Library/Frameworks/SenTestingKit.framework; sourceTree = DEVELOPER_DIR; };
		812A37AF148C0DC900D9E98D /* UIKit.framework */ = {isa = PBXFileReference; lastKnownFileType = wrapper.framework; name = UIKit.framework; path = Library/Frameworks/UIKit.framework; sourceTree = DEVELOPER_DIR; };
		812A37B7148C0DC900D9E98D /* rendererTests-Info.plist */ = {isa = PBXFileReference; path = "rendererTests-Info.plist"; sourceTree = "<group>"; };
		812A37B9148C0DC900D9E98D /* en */ = {isa = PBXFileReference; lastKnownFileType = text.plist.strings; name = en; path = en.lproj/InfoPlist.strings; sourceTree = "<group>"; };
		812A37BB148C0DC900D9E98D /* rendererTests.h */ = {isa = PBXFileReference; path = rendererTests.h; sourceTree = "<group>"; };
		812A37BC148C0DC900D9E98D /* rendererTests.m */ = {isa = PBXFileReference; lastKnownFileType = sourcecode.c.objc; path = rendererTests.m; sourceTree = "<group>"; };
/* End PBXFileReference section */

/* Begin PBXFrameworksBuildPhase section */
		812A3799148C0DC900D9E98D /* Frameworks */ = {
			isa = PBXFrameworksBuildPhase;
			buildActionMask = 2147483647;
			files = (
				812A37A0148C0DC900D9E98D /* Foundation.framework in Frameworks */,
			);
			runOnlyForDeploymentPostprocessing = 0;
		};
		812A37A8148C0DC900D9E98D /* Frameworks */ = {
			isa = PBXFrameworksBuildPhase;
			buildActionMask = 2147483647;
			files = (
				812A37AE148C0DC900D9E98D /* SenTestingKit.framework in Frameworks */,
				812A37B0148C0DC900D9E98D /* UIKit.framework in Frameworks */,
				812A37B1148C0DC900D9E98D /* Foundation.framework in Frameworks */,
				812A37B4148C0DC900D9E98D /* librenderer.a in Frameworks */,
			);
			runOnlyForDeploymentPostprocessing = 0;
		};
/* End PBXFrameworksBuildPhase section */

/* Begin PBXGroup section */
		812A3791148C0DC800D9E98D = {
			isa = PBXGroup;
			children = (
				812A37A1148C0DC900D9E98D /* renderer */,
				812A37B5148C0DC900D9E98D /* rendererTests */,
				812A379E148C0DC900D9E98D /* Frameworks */,
				812A379D148C0DC900D9E98D /* Products */,
			);
			sourceTree = "<group>";
		};
		812A379D148C0DC900D9E98D /* Products */ = {
			isa = PBXGroup;
			children = (
				812A379C148C0DC900D9E98D /* librenderer.a */,
				812A37AC148C0DC900D9E98D /* rendererTests.octest */,
			);
			name = Products;
			sourceTree = "<group>";
		};
		812A379E148C0DC900D9E98D /* Frameworks */ = {
			isa = PBXGroup;
			children = (
				812A379F148C0DC900D9E98D /* Foundation.framework */,
				812A37AD148C0DC900D9E98D /* SenTestingKit.framework */,
				812A37AF148C0DC900D9E98D /* UIKit.framework */,
			);
			name = Frameworks;
			sourceTree = "<group>";
		};
		812A37A1148C0DC900D9E98D /* renderer */ = {
			isa = PBXGroup;
			children = (
				812A37A4148C0DC900D9E98D /* renderer.h */,
				812A37A5148C0DC900D9E98D /* renderer.m */,
				812A37A2148C0DC900D9E98D /* Supporting Files */,
			);
			path = renderer;
			sourceTree = "<group>";
		};
		812A37A2148C0DC900D9E98D /* Supporting Files */ = {
			isa = PBXGroup;
			children = (
				812A37A3148C0DC900D9E98D /* renderer-Prefix.pch */,
			);
			name = "Supporting Files";
			sourceTree = "<group>";
		};
		812A37B5148C0DC900D9E98D /* rendererTests */ = {
			isa = PBXGroup;
			children = (
				812A37BB148C0DC900D9E98D /* rendererTests.h */,
				812A37BC148C0DC900D9E98D /* rendererTests.m */,
				812A37B6148C0DC900D9E98D /* Supporting Files */,
			);
			path = rendererTests;
			sourceTree = "<group>";
		};
		812A37B6148C0DC900D9E98D /* Supporting Files */ = {
			isa = PBXGroup;
			children = (
				812A37B7148C0DC900D9E98D /* rendererTests-Info.plist */,
				812A37B8148C0DC900D9E98D /* InfoPlist.strings */,
			);
			name = "Supporting Files";
			sourceTree = "<group>";
		};
/* End PBXGroup section */

/* Begin PBXHeadersBuildPhase section */
		812A379A148C0DC900D9E98D /* Headers */ = {
			isa = PBXHeadersBuildPhase;
			buildActionMask = 2147483647;
			files = (
			);
			runOnlyForDeploymentPostprocessing = 0;
		};
/* End PBXHeadersBuildPhase section */

/* Begin PBXNativeTarget section */
		812A379B148C0DC900D9E98D /* renderer */ = {
			isa = PBXNativeTarget;
			buildConfigurationList = 812A37C0148C0DC900D9E98D /* Build configuration list for PBXNativeTarget "renderer" */;
			buildPhases = (
				812A3798148C0DC900D9E98D /* Sources */,
				812A3799148C0DC900D9E98D /* Frameworks */,
				812A379A148C0DC900D9E98D /* Headers */,
			);
			buildRules = (
			);
			dependencies = (
			);
			name = renderer;
			productName = renderer;
			productReference = 812A379C148C0DC900D9E98D /* librenderer.a */;
			productType = "com.apple.product-type.library.static";
		};
		812A37AB148C0DC900D9E98D /* rendererTests */ = {
			isa = PBXNativeTarget;
			buildConfigurationList = 812A37C3148C0DC900D9E98D /* Build configuration list for PBXNativeTarget "rendererTests" */;
			buildPhases = (
				812A37A7148C0DC900D9E98D /* Sources */,
				812A37A8148C0DC900D9E98D /* Frameworks */,
				812A37A9148C0DC900D9E98D /* Resources */,
				812A37AA148C0DC900D9E98D /* ShellScript */,
			);
			buildRules = (
			);
			dependencies = (
				812A37B3148C0DC900D9E98D /* PBXTargetDependency */,
			);
			name = rendererTests;
			productName = rendererTests;
			productReference = 812A37AC148C0DC900D9E98D /* rendererTests.octest */;
			productType = "com.apple.product-type.bundle";
		};
/* End PBXNativeTarget section */

/* Begin PBXProject section */
		812A3793148C0DC800D9E98D /* Project object */ = {
			isa = PBXProject;
			attributes = {
				LastUpgradeCheck = 0420;
			};
			buildConfigurationList = 812A3796148C0DC800D9E98D /* Build configuration list for PBXProject "renderer" */;
			compatibilityVersion = "Xcode 3.2";
			developmentRegion = English;
			hasScannedForEncodings = 0;
			knownRegions = (
				en,
			);
			mainGroup = 812A3791148C0DC800D9E98D;
			productRefGroup = 812A379D148C0DC900D9E98D /* Products */;
			projectDirPath = "";
			projectRoot = "";
			targets = (
				812A379B148C0DC900D9E98D /* renderer */,
				812A37AB148C0DC900D9E98D /* rendererTests */,
			);
		};
/* End PBXProject section */

/* Begin PBXResourcesBuildPhase section */
		812A37A9148C0DC900D9E98D /* Resources */ = {
			isa = PBXResourcesBuildPhase;
			buildActionMask = 2147483647;
			files = (
				812A37BA148C0DC900D9E98D /* InfoPlist.strings in Resources */,
			);
			runOnlyForDeploymentPostprocessing = 0;
		};
/* End PBXResourcesBuildPhase section */

/* Begin PBXShellScriptBuildPhase section */
		812A37AA148C0DC900D9E98D /* ShellScript */ = {
			isa = PBXShellScriptBuildPhase;
			buildActionMask = 2147483647;
			files = (
			);
			inputPaths = (
			);
			outputPaths = (
			);
			runOnlyForDeploymentPostprocessing = 0;
			shellPath = /bin/sh;
			shellScript = "# Run the unit tests in this test bundle.\n\"${SYSTEM_DEVELOPER_DIR}/Tools/RunUnitTests\"\n";
		};
/* End PBXShellScriptBuildPhase section */

/* Begin PBXSourcesBuildPhase section */
		812A3798148C0DC900D9E98D /* Sources */ = {
			isa = PBXSourcesBuildPhase;
			buildActionMask = 2147483647;
			files = (
				812A37A6148C0DC900D9E98D /* renderer.m in Sources */,
			);
			runOnlyForDeploymentPostprocessing = 0;
		};
		812A37A7148C0DC900D9E98D /* Sources */ = {
			isa = PBXSourcesBuildPhase;
			buildActionMask = 2147483647;
			files = (
				812A37BD148C0DC900D9E98D /* rendererTests.m in Sources */,
			);
			runOnlyForDeploymentPostprocessing = 0;
		};
/* End PBXSourcesBuildPhase section */

/* Begin PBXTargetDependency section */
		812A37B3148C0DC900D9E98D /* PBXTargetDependency */ = {
			isa = PBXTargetDependency;
			target = 812A379B148C0DC900D9E98D /* renderer */;
			targetProxy = 812A37B2148C0DC900D9E98D /* PBXContainerItemProxy */;
		};
/* End PBXTargetDependency section */

/* Begin PBXVariantGroup section */
		812A37B8148C0DC900D9E98D /* InfoPlist.strings */ = {
			isa = PBXVariantGroup;
			children = (
				812A37B9148C0DC900D9E98D /* en */,
			);
			name = InfoPlist.strings;
			sourceTree = "<group>";
		};
/* End PBXVariantGroup section */

/* Begin XCBuildConfiguration section */
		812A37BE148C0DC900D9E98D /* Debug */ = {
			isa = XCBuildConfiguration;
			buildSettings = {
				ALWAYS_SEARCH_USER_PATHS = NO;
				ARCHS = "$(ARCHS_STANDARD_32_BIT)";
				CLANG_ENABLE_OBJC_ARC = YES;
				COPY_PHASE_STRIP = NO;
				GCC_C_LANGUAGE_STANDARD = gnu99;
				GCC_DYNAMIC_NO_PIC = NO;
				GCC_OPTIMIZATION_LEVEL = 0;
				GCC_PREPROCESSOR_DEFINITIONS = (
					"DEBUG=1",
					"$(inherited)",
				);
				GCC_SYMBOLS_PRIVATE_EXTERN = NO;
				GCC_VERSION = com.apple.compilers.llvm.clang.1_0;
				GCC_WARN_ABOUT_MISSING_PROTOTYPES = YES;
				GCC_WARN_ABOUT_RETURN_TYPE = YES;
				GCC_WARN_UNUSED_VARIABLE = YES;
				IPHONEOS_DEPLOYMENT_TARGET = 5.0;
				SDKROOT = iphoneos;
			};
			name = Debug;
		};
		812A37BF148C0DC900D9E98D /* Release */ = {
			isa = XCBuildConfiguration;
			buildSettings = {
				ALWAYS_SEARCH_USER_PATHS = NO;
				ARCHS = "$(ARCHS_STANDARD_32_BIT)";
				CLANG_ENABLE_OBJC_ARC = YES;
				COPY_PHASE_STRIP = YES;
				GCC_C_LANGUAGE_STANDARD = gnu99;
				GCC_VERSION = com.apple.compilers.llvm.clang.1_0;
				GCC_WARN_ABOUT_MISSING_PROTOTYPES = YES;
				GCC_WARN_ABOUT_RETURN_TYPE = YES;
				GCC_WARN_UNUSED_VARIABLE = YES;
				IPHONEOS_DEPLOYMENT_TARGET = 5.0;
				SDKROOT = iphoneos;
				VALIDATE_PRODUCT = YES;
			};
			name = Release;
		};
		812A37C1148C0DC900D9E98D /* Debug */ = {
			isa = XCBuildConfiguration;
			buildSettings = {
				DSTROOT = /tmp/renderer.dst;
				GCC_PRECOMPILE_PREFIX_HEADER = YES;
				GCC_PREFIX_HEADER = "renderer/renderer-Prefix.pch";
				OTHER_LDFLAGS = "-ObjC";
				PRODUCT_NAME = "$(TARGET_NAME)";
				SKIP_INSTALL = YES;
			};
			name = Debug;
		};
		812A37C2148C0DC900D9E98D /* Release */ = {
			isa = XCBuildConfiguration;
			buildSettings = {
				DSTROOT = /tmp/renderer.dst;
				GCC_PRECOMPILE_PREFIX_HEADER = YES;
				GCC_PREFIX_HEADER = "renderer/renderer-Prefix.pch";
				OTHER_LDFLAGS = "-ObjC";
				PRODUCT_NAME = "$(TARGET_NAME)";
				SKIP_INSTALL = YES;
			};
			name = Release;
		};
		812A37C4148C0DC900D9E98D /* Debug */ = {
			isa = XCBuildConfiguration;
			buildSettings = {
				FRAMEWORK_SEARCH_PATHS = (
					"$(SDKROOT)/Developer/Library/Frameworks",
					"$(DEVELOPER_LIBRARY_DIR)/Frameworks",
				);
				GCC_PRECOMPILE_PREFIX_HEADER = YES;
				GCC_PREFIX_HEADER = "renderer/renderer-Prefix.pch";
				INFOPLIST_FILE = "rendererTests/rendererTests-Info.plist";
				PRODUCT_NAME = "$(TARGET_NAME)";
				WRAPPER_EXTENSION = octest;
			};
			name = Debug;
		};
		812A37C5148C0DC900D9E98D /* Release */ = {
			isa = XCBuildConfiguration;
			buildSettings = {
				FRAMEWORK_SEARCH_PATHS = (
					"$(SDKROOT)/Developer/Library/Frameworks",
					"$(DEVELOPER_LIBRARY_DIR)/Frameworks",
				);
				GCC_PRECOMPILE_PREFIX_HEADER = YES;
				GCC_PREFIX_HEADER = "renderer/renderer-Prefix.pch";
				INFOPLIST_FILE = "rendererTests/rendererTests-Info.plist";
				PRODUCT_NAME = "$(TARGET_NAME)";
				WRAPPER_EXTENSION = octest;
			};
			name = Release;
		};
/* End XCBuildConfiguration section */

/* Begin XCConfigurationList section */
		812A3796148C0DC800D9E98D /* Build configuration list for PBXProject "renderer" */ = {
			isa = XCConfigurationList;
			buildConfigurations = (
				812A37BE148C0DC900D9E98D /* Debug */,
				812A37BF148C0DC900D9E98D /* Release */,
			);
			defaultConfigurationIsVisible = 0;
			defaultConfigurationName = Release;
		};
		812A37C0148C0DC900D9E98D /* Build configuration list for PBXNativeTarget "renderer" */ = {
			isa = XCConfigurationList;
			buildConfigurations = (
				812A37C1148C0DC900D9E98D /* Debug */,
				812A37C2148C0DC900D9E98D /* Release */,
			);
			defaultConfigurationIsVisible = 0;
		};
		812A37C3148C0DC900D9E98D /* Build configuration list for PBXNativeTarget "rendererTests" */ = {
			isa = XCConfigurationList;
			buildConfigurations = (
				812A37C4148C0DC900D9E98D /* Debug */,
				812A37C5148C0DC900D9E98D /* Release */,
			);
			defaultConfigurationIsVisible = 0;
		};
/* End XCConfigurationList section */
	};
	rootObject = 812A3793148C0DC800D9E98D /* Project object */;
}
